// !$*UTF8*$!
{
	archiveVersion = 1;
	classes = {
	};
	objectVersion = 46;
	objects = {

/* Begin PBXBuildFile section */
		7EAD92E11B044996005CD06C /* main.m in Sources */ = {isa = PBXBuildFile; fileRef = 7EAD92E01B044996005CD06C /* main.m */; };
		7EAD92E41B044996005CD06C /* AppDelegate.m in Sources */ = {isa = PBXBuildFile; fileRef = 7EAD92E31B044996005CD06C /* AppDelegate.m */; };
		7EAD92E71B044996005CD06C /* ViewController.m in Sources */ = {isa = PBXBuildFile; fileRef = 7EAD92E61B044996005CD06C /* ViewController.m */; };
		7EAD92EA1B044996005CD06C /* Main.storyboard in Resources */ = {isa = PBXBuildFile; fileRef = 7EAD92E81B044996005CD06C /* Main.storyboard */; };
		7EAD92EC1B044996005CD06C /* Images.xcassets in Resources */ = {isa = PBXBuildFile; fileRef = 7EAD92EB1B044996005CD06C /* Images.xcassets */; };
		7EAD92EF1B044996005CD06C /* LaunchScreen.xib in Resources */ = {isa = PBXBuildFile; fileRef = 7EAD92ED1B044996005CD06C /* LaunchScreen.xib */; };
		7EAD92FB1B044996005CD06C /* BaseAnimationTests.m in Sources */ = {isa = PBXBuildFile; fileRef = 7EAD92FA1B044996005CD06C /* BaseAnimationTests.m */; };
		7EAD93081B0449B1005CD06C /* 3.jpg in Resources */ = {isa = PBXBuildFile; fileRef = 7EAD93051B0449B1005CD06C /* 3.jpg */; };
		7EAD93091B0449B1005CD06C /* 3.jpg in Resources */ = {isa = PBXBuildFile; fileRef = 7EAD93051B0449B1005CD06C /* 3.jpg */; };
/* End PBXBuildFile section */

/* Begin PBXContainerItemProxy section */
		7EAD92F51B044996005CD06C /* PBXContainerItemProxy */ = {
			isa = PBXContainerItemProxy;
			containerPortal = 7EAD92D31B044996005CD06C /* Project object */;
			proxyType = 1;
			remoteGlobalIDString = 7EAD92DA1B044996005CD06C;
			remoteInfo = BaseAnimation;
		};
/* End PBXContainerItemProxy section */

/* Begin PBXFileReference section */
		7EAD92DB1B044996005CD06C /* BaseAnimation.app */ = {isa = PBXFileReference; explicitFileType = wrapper.application; includeInIndex = 0; path = BaseAnimation.app; sourceTree = BUILT_PRODUCTS_DIR; };
		7EAD92DF1B044996005CD06C /* Info.plist */ = {isa = PBXFileReference; lastKnownFileType = text.plist.xml; path = Info.plist; sourceTree = "<group>"; };
		7EAD92E01B044996005CD06C /* main.m */ = {isa = PBXFileReference; lastKnownFileType = sourcecode.c.objc; path = main.m; sourceTree = "<group>"; };
		7EAD92E21B044996005CD06C /* AppDelegate.h */ = {isa = PBXFileReference; lastKnownFileType = sourcecode.c.h; path = AppDelegate.h; sourceTree = "<group>"; };
		7EAD92E31B044996005CD06C /* AppDelegate.m */ = {isa = PBXFileReference; lastKnownFileType = sourcecode.c.objc; path = AppDelegate.m; sourceTree = "<group>"; };
		7EAD92E51B044996005CD06C /* ViewController.h */ = {isa = PBXFileReference; lastKnownFileType = sourcecode.c.h; path = ViewController.h; sourceTree = "<group>"; };
		7EAD92E61B044996005CD06C /* ViewController.m */ = {isa = PBXFileReference; lastKnownFileType = sourcecode.c.objc; path = ViewController.m; sourceTree = "<group>"; };
		7EAD92E91B044996005CD06C /* Base */ = {isa = PBXFileReference; lastKnownFileType = file.storyboard; name = Base; path = Base.lproj/Main.storyboard; sourceTree = "<group>"; };
		7EAD92EB1B044996005CD06C /* Images.xcassets */ = {isa = PBXFileReference; lastKnownFileType = folder.assetcatalog; path = Images.xcassets; sourceTree = "<group>"; };
		7EAD92EE1B044996005CD06C /* Base */ = {isa = PBXFileReference; lastKnownFileType = file.xib; name = Base; path = Base.lproj/LaunchScreen.xib; sourceTree = "<group>"; };
		7EAD92F41B044996005CD06C /* BaseAnimationTests.xctest */ = {isa = PBXFileReference; explicitFileType = wrapper.cfbundle; includeInIndex = 0; path = BaseAnimationTests.xctest; sourceTree = BUILT_PRODUCTS_DIR; };
		7EAD92F91B044996005CD06C /* Info.plist */ = {isa = PBXFileReference; lastKnownFileType = text.plist.xml; path = Info.plist; sourceTree = "<group>"; };
		7EAD92FA1B044996005CD06C /* BaseAnimationTests.m */ = {isa = PBXFileReference; lastKnownFileType = sourcecode.c.objc; path = BaseAnimationTests.m; sourceTree = "<group>"; };
		7EAD93051B0449B1005CD06C /* 3.jpg */ = {isa = PBXFileReference; lastKnownFileType = image.jpeg; path = 3.jpg; sourceTree = "<group>"; };
/* End PBXFileReference section */

/* Begin PBXFrameworksBuildPhase section */
		7EAD92D81B044996005CD06C /* Frameworks */ = {
			isa = PBXFrameworksBuildPhase;
			buildActionMask = 2147483647;
			files = (
			);
			runOnlyForDeploymentPostprocessing = 0;
		};
		7EAD92F11B044996005CD06C /* Frameworks */ = {
			isa = PBXFrameworksBuildPhase;
			buildActionMask = 2147483647;
			files = (
			);
			runOnlyForDeploymentPostprocessing = 0;
		};
/* End PBXFrameworksBuildPhase section */

/* Begin PBXGroup section */
		7EAD92D21B044996005CD06C = {
			isa = PBXGroup;
			children = (
				7EAD92DD1B044996005CD06C /* BaseAnimation */,
				7EAD92F71B044996005CD06C /* BaseAnimationTests */,
				7EAD92DC1B044996005CD06C /* Products */,
			);
			sourceTree = "<group>";
		};
		7EAD92DC1B044996005CD06C /* Products */ = {
			isa = PBXGroup;
			children = (
				7EAD92DB1B044996005CD06C /* BaseAnimation.app */,
				7EAD92F41B044996005CD06C /* BaseAnimationTests.xctest */,
			);
			name = Products;
			sourceTree = "<group>";
		};
		7EAD92DD1B044996005CD06C /* BaseAnimation */ = {
			isa = PBXGroup;
			children = (
				7EAD92E21B044996005CD06C /* AppDelegate.h */,
				7EAD92E31B044996005CD06C /* AppDelegate.m */,
				7EAD92E51B044996005CD06C /* ViewController.h */,
				7EAD92E61B044996005CD06C /* ViewController.m */,
				7EAD92E81B044996005CD06C /* Main.storyboard */,
				7EAD93051B0449B1005CD06C /* 3.jpg */,
				7EAD92EB1B044996005CD06C /* Images.xcassets */,
				7EAD92ED1B044996005CD06C /* LaunchScreen.xib */,
				7EAD92DE1B044996005CD06C /* Supporting Files */,
			);
			path = BaseAnimation;
			sourceTree = "<group>";
		};
		7EAD92DE1B044996005CD06C /* Supporting Files */ = {
			isa = PBXGroup;
			children = (
				7EAD92DF1B044996005CD06C /* Info.plist */,
				7EAD92E01B044996005CD06C /* main.m */,
			);
			name = "Supporting Files";
			sourceTree = "<group>";
		};
		7EAD92F71B044996005CD06C /* BaseAnimationTests */ = {
			isa = PBXGroup;
			children = (
				7EAD92FA1B044996005CD06C /* BaseAnimationTests.m */,
				7EAD92F81B044996005CD06C /* Supporting Files */,
			);
			path = BaseAnimationTests;
			sourceTree = "<group>";
		};
		7EAD92F81B044996005CD06C /* Supporting Files */ = {
			isa = PBXGroup;
			children = (
				7EAD92F91B044996005CD06C /* Info.plist */,
			);
			name = "Supporting Files";
			sourceTree = "<group>";
		};
/* End PBXGroup section */

/* Begin PBXNativeTarget section */
		7EAD92DA1B044996005CD06C /* BaseAnimation */ = {
			isa = PBXNativeTarget;
			buildConfigurationList = 7EAD92FE1B044996005CD06C /* Build configuration list for PBXNativeTarget "BaseAnimation" */;
			buildPhases = (
				7EAD92D71B044996005CD06C /* Sources */,
				7EAD92D81B044996005CD06C /* Frameworks */,
				7EAD92D91B044996005CD06C /* Resources */,
			);
			buildRules = (
			);
			dependencies = (
			);
			name = BaseAnimation;
			productName = BaseAnimation;
			productReference = 7EAD92DB1B044996005CD06C /* BaseAnimation.app */;
			productType = "com.apple.product-type.application";
		};
		7EAD92F31B044996005CD06C /* BaseAnimationTests */ = {
			isa = PBXNativeTarget;
			buildConfigurationList = 7EAD93011B044996005CD06C /* Build configuration list for PBXNativeTarget "BaseAnimationTests" */;
			buildPhases = (
				7EAD92F01B044996005CD06C /* Sources */,
				7EAD92F11B044996005CD06C /* Frameworks */,
				7EAD92F21B044996005CD06C /* Resources */,
			);
			buildRules = (
			);
			dependencies = (
				7EAD92F61B044996005CD06C /* PBXTargetDependency */,
			);
			name = BaseAnimationTests;
			productName = BaseAnimationTests;
			productReference = 7EAD92F41B044996005CD06C /* BaseAnimationTests.xctest */;
			productType = "com.apple.product-type.bundle.unit-test";
		};
/* End PBXNativeTarget section */

/* Begin PBXProject section */
		7EAD92D31B044996005CD06C /* Project object */ = {
			isa = PBXProject;
			attributes = {
				LastUpgradeCheck = 0610;
				ORGANIZATIONNAME = yuping;
				TargetAttributes = {
					7EAD92DA1B044996005CD06C = {
						CreatedOnToolsVersion = 6.1.1;
					};
					7EAD92F31B044996005CD06C = {
						CreatedOnToolsVersion = 6.1.1;
						TestTargetID = 7EAD92DA1B044996005CD06C;
					};
				};
			};
			buildConfigurationList = 7EAD92D61B044996005CD06C /* Build configuration list for PBXProject "BaseAnimation" */;
			compatibilityVersion = "Xcode 3.2";
			developmentRegion = English;
			hasScannedForEncodings = 0;
			knownRegions = (
				en,
				Base,
			);
			mainGroup = 7EAD92D21B044996005CD06C;
			productRefGroup = 7EAD92DC1B044996005CD06C /* Products */;
			projectDirPath = "";
			projectRoot = "";
			targets = (
				7EAD92DA1B044996005CD06C /* BaseAnimation */,
				7EAD92F31B044996005CD06C /* BaseAnimationTests */,
			);
		};
/* End PBXProject section */

/* Begin PBXResourcesBuildPhase section */
		7EAD92D91B044996005CD06C /* Resources */ = {
			isa = PBXResourcesBuildPhase;
			buildActionMask = 2147483647;
			files = (
				7EAD93081B0449B1005CD06C /* 3.jpg in Resources */,
				7EAD92EA1B044996005CD06C /* Main.storyboard in Resources */,
				7EAD92EF1B044996005CD06C /* LaunchScreen.xib in Resources */,
				7EAD92EC1B044996005CD06C /* Images.xcassets in Resources */,
			);
			runOnlyForDeploymentPostprocessing = 0;
		};
		7EAD92F21B044996005CD06C /* Resources */ = {
			isa = PBXResourcesBuildPhase;
			buildActionMask = 2147483647;
			files = (
				7EAD93091B0449B1005CD06C /* 3.jpg in Resources */,
			);
			runOnlyForDeploymentPostprocessing = 0;
		};
/* End PBXResourcesBuildPhase section */

/* Begin PBXSourcesBuildPhase section */
		7EAD92D71B044996005CD06C /* Sources */ = {
			isa = PBXSourcesBuildPhase;
			buildActionMask = 2147483647;
			files = (
				7EAD92E71B044996005CD06C /* ViewController.m in Sources */,
				7EAD92E41B044996005CD06C /* AppDelegate.m in Sources */,
				7EAD92E11B044996005CD06C /* main.m in Sources */,
			);
			runOnlyForDeploymentPostprocessing = 0;
		};
		7EAD92F01B044996005CD06C /* Sources */ = {
			isa = PBXSourcesBuildPhase;
			buildActionMask = 2147483647;
			files = (
				7EAD92FB1B044996005CD06C /* BaseAnimationTests.m in Sources */,
			);
			runOnlyForDeploymentPostprocessing = 0;
		};
/* End PBXSourcesBuildPhase section */

/* Begin PBXTargetDependency section */
		7EAD92F61B044996005CD06C /* PBXTargetDependency */ = {
			isa = PBXTargetDependency;
			target = 7EAD92DA1B044996005CD06C /* BaseAnimation */;
			targetProxy = 7EAD92F51B044996005CD06C /* PBXContainerItemProxy */;
		};
/* End PBXTargetDependency section */

/* Begin PBXVariantGroup section */
		7EAD92E81B044996005CD06C /* Main.storyboard */ = {
			isa = PBXVariantGroup;
			children = (
				7EAD92E91B044996005CD06C /* Base */,
			);
			name = Main.storyboard;
			sourceTree = "<group>";
		};
		7EAD92ED1B044996005CD06C /* LaunchScreen.xib */ = {
			isa = PBXVariantGroup;
			children = (
				7EAD92EE1B044996005CD06C /* Base */,
			);
			name = LaunchScreen.xib;
			sourceTree = "<group>";
		};
/* End PBXVariantGroup section */

/* Begin XCBuildConfiguration section */
		7EAD92FC1B044996005CD06C /* Debug */ = {
			isa = XCBuildConfiguration;
			buildSettings = {
				ALWAYS_SEARCH_USER_PATHS = NO;
				CLANG_CXX_LANGUAGE_STANDARD = "gnu++0x";
				CLANG_CXX_LIBRARY = "libc++";
				CLANG_ENABLE_MODULES = YES;
				CLANG_ENABLE_OBJC_ARC = YES;
				CLANG_WARN_BOOL_CONVERSION = YES;
				CLANG_WARN_CONSTANT_CONVERSION = YES;
				CLANG_WARN_DIRECT_OBJC_ISA_USAGE = YES_ERROR;
				CLANG_WARN_EMPTY_BODY = YES;
				CLANG_WARN_ENUM_CONVERSION = YES;
				CLANG_WARN_INT_CONVERSION = YES;
				CLANG_WARN_OBJC_ROOT_CLASS = YES_ERROR;
				CLANG_WARN_UNREACHABLE_CODE = YES;
				CLANG_WARN__DUPLICATE_METHOD_MATCH = YES;
				"CODE_SIGN_IDENTITY[sdk=iphoneos*]" = "iPhone Developer";
				COPY_PHASE_STRIP = NO;
				ENABLE_STRICT_OBJC_MSGSEND = YES;
				GCC_C_LANGUAGE_STANDARD = gnu99;
				GCC_DYNAMIC_NO_PIC = NO;
				GCC_OPTIMIZATION_LEVEL = 0;
				GCC_PREPROCESSOR_DEFINITIONS = (
					"DEBUG=1",
					"$(inherited)",
				);
				GCC_SYMBOLS_PRIVATE_EXTERN = NO;
				GCC_WARN_64_TO_32_BIT_CONVERSION = YES;
				GCC_WARN_ABOUT_RETURN_TYPE = YES_ERROR;
				GCC_WARN_UNDECLARED_SELECTOR = YES;
				GCC_WARN_UNINITIALIZED_AUTOS = YES_AGGRESSIVE;
				GCC_WARN_UNUSED_FUNCTION = YES;
				GCC_WARN_UNUSED_VARIABLE = YES;
				IPHONEOS_DEPLOYMENT_TARGET = 8.1;
				MTL_ENABLE_DEBUG_INFO = YES;
				ONLY_ACTIVE_ARCH = YES;
				SDKROOT = iphoneos;
				TARGETED_DEVICE_FAMILY = "1,2";
			};
			name = Debug;
		};
		7EAD92FD1B044996005CD06C /* Release */ = {
			isa = XCBuildConfiguration;
			buildSettings = {
				ALWAYS_SEARCH_USER_PATHS = NO;
				CLANG_CXX_LANGUAGE_STANDARD = "gnu++0x";
				CLANG_CXX_LIBRARY = "libc++";
				CLANG_ENABLE_MODULES = YES;
				CLANG_ENABLE_OBJC_ARC = YES;
				CLANG_WARN_BOOL_CONVERSION = YES;
				CLANG_WARN_CONSTANT_CONVERSION = YES;
				CLANG_WARN_DIRECT_OBJC_ISA_USAGE = YES_ERROR;
				CLANG_WARN_EMPTY_BODY = YES;
				CLANG_WARN_ENUM_CONVERSION = YES;
				CLANG_WARN_INT_CONVERSION = YES;
				CLANG_WARN_OBJC_ROOT_CLASS = YES_ERROR;
				CLANG_WARN_UNREACHABLE_CODE = YES;
				CLANG_WARN__DUPLICATE_METHOD_MATCH = YES;
				"CODE_SIGN_IDENTITY[sdk=iphoneos*]" = "iPhone Developer";
				COPY_PHASE_STRIP = YES;
				ENABLE_NS_ASSERTIONS = NO;
				ENABLE_STRICT_OBJC_MSGSEND = YES;
				GCC_C_LANGUAGE_STANDARD = gnu99;
				GCC_WARN_64_TO_32_BIT_CONVERSION = YES;
				GCC_WARN_ABOUT_RETURN_TYPE = YES_ERROR;
				GCC_WARN_UNDECLARED_SELECTOR = YES;
				GCC_WARN_UNINITIALIZED_AUTOS = YES_AGGRESSIVE;
				GCC_WARN_UNUSED_FUNCTION = YES;
				GCC_WARN_UNUSED_VARIABLE = YES;
				IPHONEOS_DEPLOYMENT_TARGET = 8.1;
				MTL_ENABLE_DEBUG_INFO = NO;
				SDKROOT = iphoneos;
				TARGETED_DEVICE_FAMILY = "1,2";
				VALIDATE_PRODUCT = YES;
			};
			name = Release;
		};
		7EAD92FF1B044996005CD06C /* Debug */ = {
			isa = XCBuildConfiguration;
			buildSettings = {
				ASSETCATALOG_COMPILER_APPICON_NAME = AppIcon;
				INFOPLIST_FILE = BaseAnimation/Info.plist;
				LD_RUNPATH_SEARCH_PATHS = "$(inherited) @executable_path/Frameworks";
				PRODUCT_NAME = "$(TARGET_NAME)";
			};
			name = Debug;
		};
		7EAD93001B044996005CD06C /* Release */ = {
			isa = XCBuildConfiguration;
			buildSettings = {
				ASSETCATALOG_COMPILER_APPICON_NAME = AppIcon;
				INFOPLIST_FILE = BaseAnimation/Info.plist;
				LD_RUNPATH_SEARCH_PATHS = "$(inherited) @executable_path/Frameworks";
				PRODUCT_NAME = "$(TARGET_NAME)";
			};
			name = Release;
		};
		7EAD93021B044996005CD06C /* Debug */ = {
			isa = XCBuildConfiguration;
			buildSettings = {
				BUNDLE_LOADER = "$(TEST_HOST)";
				FRAMEWORK_SEARCH_PATHS = (
					"$(SDKROOT)/Developer/Library/Frameworks",
					"$(inherited)",
				);
				GCC_PREPROCESSOR_DEFINITIONS = (
					"DEBUG=1",
					"$(inherited)",
				);
				INFOPLIST_FILE = BaseAnimationTests/Info.plist;
				LD_RUNPATH_SEARCH_PATHS = "$(inherited) @executable_path/Frameworks @loader_path/Frameworks";
				PRODUCT_NAME = "$(TARGET_NAME)";
				TEST_HOST = "$(BUILT_PRODUCTS_DIR)/BaseAnimation.app/BaseAnimation";
			};
			name = Debug;
		};
		7EAD93031B044996005CD06C /* Release */ = {
			isa = XCBuildConfiguration;
			buildSettings = {
				BUNDLE_LOADER = "$(TEST_HOST)";
				FRAMEWORK_SEARCH_PATHS = (
					"$(SDKROOT)/Developer/Library/Frameworks",
					"$(inherited)",
				);
				INFOPLIST_FILE = BaseAnimationTests/Info.plist;
				LD_RUNPATH_SEARCH_PATHS = "$(inherited) @executable_path/Frameworks @loader_path/Frameworks";
				PRODUCT_NAME = "$(TARGET_NAME)";
				TEST_HOST = "$(BUILT_PRODUCTS_DIR)/BaseAnimation.app/BaseAnimation";
			};
			name = Release;
		};
/* End XCBuildConfiguration section */

/* Begin XCConfigurationList section */
		7EAD92D61B044996005CD06C /* Build configuration list for PBXProject "BaseAnimation" */ = {
			isa = XCConfigurationList;
			buildConfigurations = (
				7EAD92FC1B044996005CD06C /* Debug */,
				7EAD92FD1B044996005CD06C /* Release */,
			);
			defaultConfigurationIsVisible = 0;
			defaultConfigurationName = Release;
		};
		7EAD92FE1B044996005CD06C /* Build configuration list for PBXNativeTarget "BaseAnimation" */ = {
			isa = XCConfigurationList;
			buildConfigurations = (
				7EAD92FF1B044996005CD06C /* Debug */,
				7EAD93001B044996005CD06C /* Release */,
			);
			defaultConfigurationIsVisible = 0;
		};
		7EAD93011B044996005CD06C /* Build configuration list for PBXNativeTarget "BaseAnimationTests" */ = {
			isa = XCConfigurationList;
			buildConfigurations = (
				7EAD93021B044996005CD06C /* Debug */,
				7EAD93031B044996005CD06C /* Release */,
			);
			defaultConfigurationIsVisible = 0;
		};
/* End XCConfigurationList section */
	};
	rootObject = 7EAD92D31B044996005CD06C /* Project object */;
}
